
Microsoft Visual Studio Solution File, Format Version 12.00
# Visual Studio Version 17
VisualStudioVersion = 17.5.33414.496
MinimumVisualStudioVersion = 10.0.40219.1
Project("{FAE04EC0-301F-11D3-BF4B-00C04F79EFBC}") = "Web_Api_Work", "WepApiWorking\Web_Api_Work.csproj", "{5E453522-D1AA-4EE2-B532-13856EA68D19}"
EndProject
Project("{FAE04EC0-301F-11D3-BF4B-00C04F79EFBC}") = "World_Api_Ui", "World_Api_Ui\World_Api_Ui.csproj", "{6496517F-D3FF-4F7A-95BE-BF6160DD0A48}"
EndProject
Global
	GlobalSection(SolutionConfigurationPlatforms) = preSolution
		Debug|Any CPU = Debug|Any CPU
		Release|Any CPU = Release|Any CPU
	EndGlobalSection
	GlobalSection(ProjectConfigurationPlatforms) = postSolution
		{5E453522-D1AA-4EE2-B532-13856EA68D19}.Debug|Any CPU.ActiveCfg = Debug|Any CPU
		{5E453522-D1AA-4EE2-B532-13856EA68D19}.Debug|Any CPU.Build.0 = Debug|Any CPU
		{5E453522-D1AA-4EE2-B532-13856EA68D19}.Release|Any CPU.ActiveCfg = Release|Any CPU
		{5E453522-D1AA-4EE2-B532-13856EA68D19}.Release|Any CPU.Build.0 = Release|Any CPU
		{6496517F-D3FF-4F7A-95BE-BF6160DD0A48}.Debug|Any CPU.ActiveCfg = Debug|Any CPU
		{6496517F-D3FF-4F7A-95BE-BF6160DD0A48}.Debug|Any CPU.Build.0 = Debug|Any CPU
		{6496517F-D3FF-4F7A-95BE-BF6160DD0A48}.Release|Any CPU.ActiveCfg = Release|Any CPU
		{6496517F-D3FF-4F7A-95BE-BF6160DD0A48}.Release|Any CPU.Build.0 = Release|Any CPU
	EndGlobalSection
	GlobalSection(SolutionProperties) = preSolution
		HideSolutionNode = FALSE
	EndGlobalSection
	GlobalSection(ExtensibilityGlobals) = postSolution
		SolutionGuid = {88C1A2CA-D88C-4E18-B86E-1718AF7FFDB1}
	EndGlobalSection
EndGlobal
